sanity-check:
  cmd: python run_sanity_check.py
  deps:
  - path: GaborNet/GaborLayerNew.py
    md5: ce749d117558c17d960339a96b39dda5
  - path: GaborNet/GaborLayers.py
    md5: 7f38946a85a853164950b4e9edf6424e
  - path: data
    md5: 45680c6dfa0b2d63cb813bd33995301c.dir
  - path: run_sanity_check.py
    md5: b5c0886b91df66512b010504a821a5c7
  params:
    params.yaml:
      sanity_check.epoch: 10
  outs:
  - path: metrics.json
    md5: 94e307584cbaff3cc793981c7b8f6ace
