sanity-check:
  cmd: python run_sanity_check.py
  deps:
  - path: GaborNet/GaborLayerNew.py
    md5: b2d51472cf8f052d2670eac9a70a8082
  - path: GaborNet/GaborLayers.py
    md5: 7f38946a85a853164950b4e9edf6424e
  - path: data
    md5: 45680c6dfa0b2d63cb813bd33995301c.dir
  - path: run_sanity_check.py
    md5: 0a19e3faf9906da53a8adc15d3f98cad
  outs:
  - path: metrics.json
    md5: 93892ac06fb0032cf75b9d0f88af6ee3
